// !$*UTF8*$!
{
	archiveVersion = 1;
	classes = {
	};
	objectVersion = 56;
	objects = {

/* Begin PBXBuildFile section */
		EF3F32372AF57BF1002130EA /* foodshopApp.swift in Sources */ = {isa = PBXBuildFile; fileRef = EF3F32362AF57BF1002130EA /* foodshopApp.swift */; };
		EF3F32392AF57BF1002130EA /* ContentView.swift in Sources */ = {isa = PBXBuildFile; fileRef = EF3F32382AF57BF1002130EA /* ContentView.swift */; };
		EF3F323B2AF57BF3002130EA /* Assets.xcassets in Resources */ = {isa = PBXBuildFile; fileRef = EF3F323A2AF57BF3002130EA /* Assets.xcassets */; };
		EF3F323E2AF57BF3002130EA /* Preview Assets.xcassets in Resources */ = {isa = PBXBuildFile; fileRef = EF3F323D2AF57BF3002130EA /* Preview Assets.xcassets */; };
		EF3F32452AF57D94002130EA /* FruitModel.swift in Sources */ = {isa = PBXBuildFile; fileRef = EF3F32442AF57D94002130EA /* FruitModel.swift */; };
		EF7ED57A2AF68E670038871F /* ColumnModel.swift in Sources */ = {isa = PBXBuildFile; fileRef = EF7ED5792AF68E670038871F /* ColumnModel.swift */; };
		EF7ED57D2AF69A6F0038871F /* WaterfallGrid in Frameworks */ = {isa = PBXBuildFile; productRef = EF7ED57C2AF69A6F0038871F /* WaterfallGrid */; };
		EFC7ABCB2AF5B552004884CF /* FruitCardView.swift in Sources */ = {isa = PBXBuildFile; fileRef = EFC7ABCA2AF5B552004884CF /* FruitCardView.swift */; };
		EFC7ABCF2AF5B6A0004884CF /* SearchBarView.swift in Sources */ = {isa = PBXBuildFile; fileRef = EFC7ABCE2AF5B6A0004884CF /* SearchBarView.swift */; };
		EFDA43292AF6C1D700810563 /* FruitDetailView.swift in Sources */ = {isa = PBXBuildFile; fileRef = EFDA43282AF6C1D700810563 /* FruitDetailView.swift */; };
		EFE23F732AF6C0A500E698E5 /* FruitGrid.swift in Sources */ = {isa = PBXBuildFile; fileRef = EFE23F722AF6C0A500E698E5 /* FruitGrid.swift */; };
/* End PBXBuildFile section */

/* Begin PBXFileReference section */
		EF3F32332AF57BF1002130EA /* foodshop.app */ = {isa = PBXFileReference; explicitFileType = wrapper.application; includeInIndex = 0; path = foodshop.app; sourceTree = BUILT_PRODUCTS_DIR; };
		EF3F32362AF57BF1002130EA /* foodshopApp.swift */ = {isa = PBXFileReference; lastKnownFileType = sourcecode.swift; path = foodshopApp.swift; sourceTree = "<group>"; };
		EF3F32382AF57BF1002130EA /* ContentView.swift */ = {isa = PBXFileReference; lastKnownFileType = sourcecode.swift; path = ContentView.swift; sourceTree = "<group>"; };
		EF3F323A2AF57BF3002130EA /* Assets.xcassets */ = {isa = PBXFileReference; lastKnownFileType = folder.assetcatalog; path = Assets.xcassets; sourceTree = "<group>"; };
		EF3F323D2AF57BF3002130EA /* Preview Assets.xcassets */ = {isa = PBXFileReference; lastKnownFileType = folder.assetcatalog; path = "Preview Assets.xcassets"; sourceTree = "<group>"; };
		EF3F32442AF57D94002130EA /* FruitModel.swift */ = {isa = PBXFileReference; lastKnownFileType = sourcecode.swift; path = FruitModel.swift; sourceTree = "<group>"; };
		EF7ED5792AF68E670038871F /* ColumnModel.swift */ = {isa = PBXFileReference; lastKnownFileType = sourcecode.swift; path = ColumnModel.swift; sourceTree = "<group>"; };
		EFC7ABCA2AF5B552004884CF /* FruitCardView.swift */ = {isa = PBXFileReference; lastKnownFileType = sourcecode.swift; path = FruitCardView.swift; sourceTree = "<group>"; };
		EFC7ABCE2AF5B6A0004884CF /* SearchBarView.swift */ = {isa = PBXFileReference; lastKnownFileType = sourcecode.swift; path = SearchBarView.swift; sourceTree = "<group>"; };
		EFDA43282AF6C1D700810563 /* FruitDetailView.swift */ = {isa = PBXFileReference; lastKnownFileType = sourcecode.swift; path = FruitDetailView.swift; sourceTree = "<group>"; };
		EFE23F722AF6C0A500E698E5 /* FruitGrid.swift */ = {isa = PBXFileReference; lastKnownFileType = sourcecode.swift; path = FruitGrid.swift; sourceTree = "<group>"; };
/* End PBXFileReference section */

/* Begin PBXFrameworksBuildPhase section */
		EF3F32302AF57BF1002130EA /* Frameworks */ = {
			isa = PBXFrameworksBuildPhase;
			buildActionMask = 2147483647;
			files = (
				EF7ED57D2AF69A6F0038871F /* WaterfallGrid in Frameworks */,
			);
			runOnlyForDeploymentPostprocessing = 0;
		};
/* End PBXFrameworksBuildPhase section */

/* Begin PBXGroup section */
		EF3F322A2AF57BF1002130EA = {
			isa = PBXGroup;
			children = (
				EF3F32352AF57BF1002130EA /* foodshop */,
				EF3F32342AF57BF1002130EA /* Products */,
			);
			sourceTree = "<group>";
		};
		EF3F32342AF57BF1002130EA /* Products */ = {
			isa = PBXGroup;
			children = (
				EF3F32332AF57BF1002130EA /* foodshop.app */,
			);
			name = Products;
			sourceTree = "<group>";
		};
		EF3F32352AF57BF1002130EA /* foodshop */ = {
			isa = PBXGroup;
			children = (
				EFC7ABCD2AF5B56E004884CF /* views */,
				EFC7ABCC2AF5B565004884CF /* models */,
				EF3F32362AF57BF1002130EA /* foodshopApp.swift */,
				EF3F323A2AF57BF3002130EA /* Assets.xcassets */,
				EF3F323C2AF57BF3002130EA /* Preview Content */,
			);
			path = foodshop;
			sourceTree = "<group>";
		};
		EF3F323C2AF57BF3002130EA /* Preview Content */ = {
			isa = PBXGroup;
			children = (
				EF3F323D2AF57BF3002130EA /* Preview Assets.xcassets */,
			);
			path = "Preview Content";
			sourceTree = "<group>";
		};
		EFC7ABCC2AF5B565004884CF /* models */ = {
			isa = PBXGroup;
			children = (
				EF3F32442AF57D94002130EA /* FruitModel.swift */,
				EF7ED5792AF68E670038871F /* ColumnModel.swift */,
			);
			path = models;
			sourceTree = "<group>";
		};
		EFC7ABCD2AF5B56E004884CF /* views */ = {
			isa = PBXGroup;
			children = (
				EFC7ABCA2AF5B552004884CF /* FruitCardView.swift */,
				EFC7ABCE2AF5B6A0004884CF /* SearchBarView.swift */,
				EF3F32382AF57BF1002130EA /* ContentView.swift */,
				EFE23F722AF6C0A500E698E5 /* FruitGrid.swift */,
				EFDA43282AF6C1D700810563 /* FruitDetailView.swift */,
			);
			path = views;
			sourceTree = "<group>";
		};
/* End PBXGroup section */

/* Begin PBXNativeTarget section */
		EF3F32322AF57BF1002130EA /* foodshop */ = {
			isa = PBXNativeTarget;
			buildConfigurationList = EF3F32412AF57BF3002130EA /* Build configuration list for PBXNativeTarget "foodshop" */;
			buildPhases = (
				EF3F322F2AF57BF1002130EA /* Sources */,
				EF3F32302AF57BF1002130EA /* Frameworks */,
				EF3F32312AF57BF1002130EA /* Resources */,
			);
			buildRules = (
			);
			dependencies = (
			);
			name = foodshop;
			packageProductDependencies = (
				EF7ED57C2AF69A6F0038871F /* WaterfallGrid */,
			);
			productName = foodshop;
			productReference = EF3F32332AF57BF1002130EA /* foodshop.app */;
			productType = "com.apple.product-type.application";
		};
/* End PBXNativeTarget section */

/* Begin PBXProject section */
		EF3F322B2AF57BF1002130EA /* Project object */ = {
			isa = PBXProject;
			attributes = {
				BuildIndependentTargetsInParallel = 1;
				LastSwiftUpdateCheck = 1500;
				LastUpgradeCheck = 1500;
				TargetAttributes = {
					EF3F32322AF57BF1002130EA = {
						CreatedOnToolsVersion = 15.0.1;
					};
				};
			};
			buildConfigurationList = EF3F322E2AF57BF1002130EA /* Build configuration list for PBXProject "foodshop" */;
			compatibilityVersion = "Xcode 14.0";
			developmentRegion = en;
			hasScannedForEncodings = 0;
			knownRegions = (
				en,
				Base,
			);
			mainGroup = EF3F322A2AF57BF1002130EA;
			packageReferences = (
				EF7ED57B2AF69A6F0038871F /* XCRemoteSwiftPackageReference "WaterfallGrid" */,
			);
			productRefGroup = EF3F32342AF57BF1002130EA /* Products */;
			projectDirPath = "";
			projectRoot = "";
			targets = (
				EF3F32322AF57BF1002130EA /* foodshop */,
			);
		};
/* End PBXProject section */

/* Begin PBXResourcesBuildPhase section */
		EF3F32312AF57BF1002130EA /* Resources */ = {
			isa = PBXResourcesBuildPhase;
			buildActionMask = 2147483647;
			files = (
				EF3F323E2AF57BF3002130EA /* Preview Assets.xcassets in Resources */,
				EF3F323B2AF57BF3002130EA /* Assets.xcassets in Resources */,
			);
			runOnlyForDeploymentPostprocessing = 0;
		};
/* End PBXResourcesBuildPhase section */

/* Begin PBXSourcesBuildPhase section */
		EF3F322F2AF57BF1002130EA /* Sources */ = {
			isa = PBXSourcesBuildPhase;
			buildActionMask = 2147483647;
			files = (
				EFDA43292AF6C1D700810563 /* FruitDetailView.swift in Sources */,
				EFC7ABCF2AF5B6A0004884CF /* SearchBarView.swift in Sources */,
				EF3F32392AF57BF1002130EA /* ContentView.swift in Sources */,
				EFC7ABCB2AF5B552004884CF /* FruitCardView.swift in Sources */,
				EF7ED57A2AF68E670038871F /* ColumnModel.swift in Sources */,
				EF3F32452AF57D94002130EA /* FruitModel.swift in Sources */,
				EFE23F732AF6C0A500E698E5 /* FruitGrid.swift in Sources */,
				EF3F32372AF57BF1002130EA /* foodshopApp.swift in Sources */,
			);
			runOnlyForDeploymentPostprocessing = 0;
		};
/* End PBXSourcesBuildPhase section */

/* Begin XCBuildConfiguration section */
		EF3F323F2AF57BF3002130EA /* Debug */ = {
			isa = XCBuildConfiguration;
			buildSettings = {
				ALWAYS_SEARCH_USER_PATHS = NO;
				ASSETCATALOG_COMPILER_GENERATE_SWIFT_ASSET_SYMBOL_EXTENSIONS = YES;
				CLANG_ANALYZER_NONNULL = YES;
				CLANG_ANALYZER_NUMBER_OBJECT_CONVERSION = YES_AGGRESSIVE;
				CLANG_CXX_LANGUAGE_STANDARD = "gnu++20";
				CLANG_ENABLE_MODULES = YES;
				CLANG_ENABLE_OBJC_ARC = YES;
				CLANG_ENABLE_OBJC_WEAK = YES;
				CLANG_WARN_BLOCK_CAPTURE_AUTORELEASING = YES;
				CLANG_WARN_BOOL_CONVERSION = YES;
				CLANG_WARN_COMMA = YES;
				CLANG_WARN_CONSTANT_CONVERSION = YES;
				CLANG_WARN_DEPRECATED_OBJC_IMPLEMENTATIONS = YES;
				CLANG_WARN_DIRECT_OBJC_ISA_USAGE = YES_ERROR;
				CLANG_WARN_DOCUMENTATION_COMMENTS = YES;
				CLANG_WARN_EMPTY_BODY = YES;
				CLANG_WARN_ENUM_CONVERSION = YES;
				CLANG_WARN_INFINITE_RECURSION = YES;
				CLANG_WARN_INT_CONVERSION = YES;
				CLANG_WARN_NON_LITERAL_NULL_CONVERSION = YES;
				CLANG_WARN_OBJC_IMPLICIT_RETAIN_SELF = YES;
				CLANG_WARN_OBJC_LITERAL_CONVERSION = YES;
				CLANG_WARN_OBJC_ROOT_CLASS = YES_ERROR;
				CLANG_WARN_QUOTED_INCLUDE_IN_FRAMEWORK_HEADER = YES;
				CLANG_WARN_RANGE_LOOP_ANALYSIS = YES;
				CLANG_WARN_STRICT_PROTOTYPES = YES;
				CLANG_WARN_SUSPICIOUS_MOVE = YES;
				CLANG_WARN_UNGUARDED_AVAILABILITY = YES_AGGRESSIVE;
				CLANG_WARN_UNREACHABLE_CODE = YES;
				CLANG_WARN__DUPLICATE_METHOD_MATCH = YES;
				COPY_PHASE_STRIP = NO;
				DEBUG_INFORMATION_FORMAT = dwarf;
				ENABLE_STRICT_OBJC_MSGSEND = YES;
				ENABLE_TESTABILITY = YES;
				ENABLE_USER_SCRIPT_SANDBOXING = YES;
				GCC_C_LANGUAGE_STANDARD = gnu17;
				GCC_DYNAMIC_NO_PIC = NO;
				GCC_NO_COMMON_BLOCKS = YES;
				GCC_OPTIMIZATION_LEVEL = 0;
				GCC_PREPROCESSOR_DEFINITIONS = (
					"DEBUG=1",
					"$(inherited)",
				);
				GCC_WARN_64_TO_32_BIT_CONVERSION = YES;
				GCC_WARN_ABOUT_RETURN_TYPE = YES_ERROR;
				GCC_WARN_UNDECLARED_SELECTOR = YES;
				GCC_WARN_UNINITIALIZED_AUTOS = YES_AGGRESSIVE;
				GCC_WARN_UNUSED_FUNCTION = YES;
				GCC_WARN_UNUSED_VARIABLE = YES;
				IPHONEOS_DEPLOYMENT_TARGET = 17.0;
				LOCALIZATION_PREFERS_STRING_CATALOGS = YES;
				MTL_ENABLE_DEBUG_INFO = INCLUDE_SOURCE;
				MTL_FAST_MATH = YES;
				ONLY_ACTIVE_ARCH = YES;
				SDKROOT = iphoneos;
				SWIFT_ACTIVE_COMPILATION_CONDITIONS = "DEBUG $(inherited)";
				SWIFT_OPTIMIZATION_LEVEL = "-Onone";
			};
			name = Debug;
		};
		EF3F32402AF57BF3002130EA /* Release */ = {
			isa = XCBuildConfiguration;
			buildSettings = {
				ALWAYS_SEARCH_USER_PATHS = NO;
				ASSETCATALOG_COMPILER_GENERATE_SWIFT_ASSET_SYMBOL_EXTENSIONS = YES;
				CLANG_ANALYZER_NONNULL = YES;
				CLANG_ANALYZER_NUMBER_OBJECT_CONVERSION = YES_AGGRESSIVE;
				CLANG_CXX_LANGUAGE_STANDARD = "gnu++20";
				CLANG_ENABLE_MODULES = YES;
				CLANG_ENABLE_OBJC_ARC = YES;
				CLANG_ENABLE_OBJC_WEAK = YES;
				CLANG_WARN_BLOCK_CAPTURE_AUTORELEASING = YES;
				CLANG_WARN_BOOL_CONVERSION = YES;
				CLANG_WARN_COMMA = YES;
				CLANG_WARN_CONSTANT_CONVERSION = YES;
				CLANG_WARN_DEPRECATED_OBJC_IMPLEMENTATIONS = YES;
				CLANG_WARN_DIRECT_OBJC_ISA_USAGE = YES_ERROR;
				CLANG_WARN_DOCUMENTATION_COMMENTS = YES;
				CLANG_WARN_EMPTY_BODY = YES;
				CLANG_WARN_ENUM_CONVERSION = YES;
				CLANG_WARN_INFINITE_RECURSION = YES;
				CLANG_WARN_INT_CONVERSION = YES;
				CLANG_WARN_NON_LITERAL_NULL_CONVERSION = YES;
				CLANG_WARN_OBJC_IMPLICIT_RETAIN_SELF = YES;
				CLANG_WARN_OBJC_LITERAL_CONVERSION = YES;
				CLANG_WARN_OBJC_ROOT_CLASS = YES_ERROR;
				CLANG_WARN_QUOTED_INCLUDE_IN_FRAMEWORK_HEADER = YES;
				CLANG_WARN_RANGE_LOOP_ANALYSIS = YES;
				CLANG_WARN_STRICT_PROTOTYPES = YES;
				CLANG_WARN_SUSPICIOUS_MOVE = YES;
				CLANG_WARN_UNGUARDED_AVAILABILITY = YES_AGGRESSIVE;
				CLANG_WARN_UNREACHABLE_CODE = YES;
				CLANG_WARN__DUPLICATE_METHOD_MATCH = YES;
				COPY_PHASE_STRIP = NO;
				DEBUG_INFORMATION_FORMAT = "dwarf-with-dsym";
				ENABLE_NS_ASSERTIONS = NO;
				ENABLE_STRICT_OBJC_MSGSEND = YES;
				ENABLE_USER_SCRIPT_SANDBOXING = YES;
				GCC_C_LANGUAGE_STANDARD = gnu17;
				GCC_NO_COMMON_BLOCKS = YES;
				GCC_WARN_64_TO_32_BIT_CONVERSION = YES;
				GCC_WARN_ABOUT_RETURN_TYPE = YES_ERROR;
				GCC_WARN_UNDECLARED_SELECTOR = YES;
				GCC_WARN_UNINITIALIZED_AUTOS = YES_AGGRESSIVE;
				GCC_WARN_UNUSED_FUNCTION = YES;
				GCC_WARN_UNUSED_VARIABLE = YES;
				IPHONEOS_DEPLOYMENT_TARGET = 17.0;
				LOCALIZATION_PREFERS_STRING_CATALOGS = YES;
				MTL_ENABLE_DEBUG_INFO = NO;
				MTL_FAST_MATH = YES;
				SDKROOT = iphoneos;
				SWIFT_COMPILATION_MODE = wholemodule;
				VALIDATE_PRODUCT = YES;
			};
			name = Release;
		};
		EF3F32422AF57BF3002130EA /* Debug */ = {
			isa = XCBuildConfiguration;
			buildSettings = {
				ASSETCATALOG_COMPILER_APPICON_NAME = AppIcon;
				ASSETCATALOG_COMPILER_GLOBAL_ACCENT_COLOR_NAME = AccentColor;
				CODE_SIGN_STYLE = Automatic;
				CURRENT_PROJECT_VERSION = 1;
				DEVELOPMENT_ASSET_PATHS = "\"foodshop/Preview Content\"";
				ENABLE_PREVIEWS = YES;
				GENERATE_INFOPLIST_FILE = YES;
				INFOPLIST_KEY_UIApplicationSceneManifest_Generation = YES;
				INFOPLIST_KEY_UIApplicationSupportsIndirectInputEvents = YES;
				INFOPLIST_KEY_UILaunchScreen_Generation = YES;
				INFOPLIST_KEY_UISupportedInterfaceOrientations_iPad = "UIInterfaceOrientationPortrait UIInterfaceOrientationPortraitUpsideDown UIInterfaceOrientationLandscapeLeft UIInterfaceOrientationLandscapeRight";
				INFOPLIST_KEY_UISupportedInterfaceOrientations_iPhone = "UIInterfaceOrientationPortrait UIInterfaceOrientationLandscapeLeft UIInterfaceOrientationLandscapeRight";
				LD_RUNPATH_SEARCH_PATHS = (
					"$(inherited)",
					"@executable_path/Frameworks",
				);
				MARKETING_VERSION = 1.0;
				PRODUCT_BUNDLE_IDENTIFIER = drull.foodshop;
				PRODUCT_NAME = "$(TARGET_NAME)";
				SWIFT_EMIT_LOC_STRINGS = YES;
				SWIFT_VERSION = 5.0;
				TARGETED_DEVICE_FAMILY = "1,2";
			};
			name = Debug;
		};
		EF3F32432AF57BF3002130EA /* Release */ = {
			isa = XCBuildConfiguration;
			buildSettings = {
				ASSETCATALOG_COMPILER_APPICON_NAME = AppIcon;
				ASSETCATALOG_COMPILER_GLOBAL_ACCENT_COLOR_NAME = AccentColor;
				CODE_SIGN_STYLE = Automatic;
				CURRENT_PROJECT_VERSION = 1;
				DEVELOPMENT_ASSET_PATHS = "\"foodshop/Preview Content\"";
				ENABLE_PREVIEWS = YES;
				GENERATE_INFOPLIST_FILE = YES;
				INFOPLIST_KEY_UIApplicationSceneManifest_Generation = YES;
				INFOPLIST_KEY_UIApplicationSupportsIndirectInputEvents = YES;
				INFOPLIST_KEY_UILaunchScreen_Generation = YES;
				INFOPLIST_KEY_UISupportedInterfaceOrientations_iPad = "UIInterfaceOrientationPortrait UIInterfaceOrientationPortraitUpsideDown UIInterfaceOrientationLandscapeLeft UIInterfaceOrientationLandscapeRight";
				INFOPLIST_KEY_UISupportedInterfaceOrientations_iPhone = "UIInterfaceOrientationPortrait UIInterfaceOrientationLandscapeLeft UIInterfaceOrientationLandscapeRight";
				LD_RUNPATH_SEARCH_PATHS = (
					"$(inherited)",
					"@executable_path/Frameworks",
				);
				MARKETING_VERSION = 1.0;
				PRODUCT_BUNDLE_IDENTIFIER = drull.foodshop;
				PRODUCT_NAME = "$(TARGET_NAME)";
				SWIFT_EMIT_LOC_STRINGS = YES;
				SWIFT_VERSION = 5.0;
				TARGETED_DEVICE_FAMILY = "1,2";
			};
			name = Release;
		};
/* End XCBuildConfiguration section */

/* Begin XCConfigurationList section */
		EF3F322E2AF57BF1002130EA /* Build configuration list for PBXProject "foodshop" */ = {
			isa = XCConfigurationList;
			buildConfigurations = (
				EF3F323F2AF57BF3002130EA /* Debug */,
				EF3F32402AF57BF3002130EA /* Release */,
			);
			defaultConfigurationIsVisible = 0;
			defaultConfigurationName = Release;
		};
		EF3F32412AF57BF3002130EA /* Build configuration list for PBXNativeTarget "foodshop" */ = {
			isa = XCConfigurationList;
			buildConfigurations = (
				EF3F32422AF57BF3002130EA /* Debug */,
				EF3F32432AF57BF3002130EA /* Release */,
			);
			defaultConfigurationIsVisible = 0;
			defaultConfigurationName = Release;
		};
/* End XCConfigurationList section */

/* Begin XCRemoteSwiftPackageReference section */
		EF7ED57B2AF69A6F0038871F /* XCRemoteSwiftPackageReference "WaterfallGrid" */ = {
			isa = XCRemoteSwiftPackageReference;
			repositoryURL = "https://github.com/paololeonardi/WaterfallGrid.git";
			requirement = {
				kind = upToNextMajorVersion;
				minimumVersion = 1.0.1;
			};
		};
/* End XCRemoteSwiftPackageReference section */

/* Begin XCSwiftPackageProductDependency section */
		EF7ED57C2AF69A6F0038871F /* WaterfallGrid */ = {
			isa = XCSwiftPackageProductDependency;
			package = EF7ED57B2AF69A6F0038871F /* XCRemoteSwiftPackageReference "WaterfallGrid" */;
			productName = WaterfallGrid;
		};
/* End XCSwiftPackageProductDependency section */
	};
	rootObject = EF3F322B2AF57BF1002130EA /* Project object */;
}
